// !$*UTF8*$!
{
	archiveVersion = 1;
	classes = {
	};
	objectVersion = 56;
	objects = {

/* Begin PBXBuildFile section */
		940E16F52B40309300D30ACD /* Online_StoreApp.swift in Sources */ = {isa = PBXBuildFile; fileRef = 940E16F42B40309300D30ACD /* Online_StoreApp.swift */; };
		940E16F72B40309300D30ACD /* ContentView.swift in Sources */ = {isa = PBXBuildFile; fileRef = 940E16F62B40309300D30ACD /* ContentView.swift */; };
		940E16F92B40309500D30ACD /* Assets.xcassets in Resources */ = {isa = PBXBuildFile; fileRef = 940E16F82B40309500D30ACD /* Assets.xcassets */; };
		940E16FC2B40309500D30ACD /* Preview Assets.xcassets in Resources */ = {isa = PBXBuildFile; fileRef = 940E16FB2B40309500D30ACD /* Preview Assets.xcassets */; };
		940E16FE2B40309500D30ACD /* Persistence.swift in Sources */ = {isa = PBXBuildFile; fileRef = 940E16FD2B40309500D30ACD /* Persistence.swift */; };
		940E17012B40309500D30ACD /* Online_Store.xcdatamodeld in Sources */ = {isa = PBXBuildFile; fileRef = 940E16FF2B40309500D30ACD /* Online_Store.xcdatamodeld */; };
		9414BD032B593F880063F72F /* Bag.swift in Sources */ = {isa = PBXBuildFile; fileRef = 9414BD022B593F880063F72F /* Bag.swift */; };
		9414BD052B5941330063F72F /* DataManager.swift in Sources */ = {isa = PBXBuildFile; fileRef = 9414BD042B5941330063F72F /* DataManager.swift */; };
		9414BD072B59420B0063F72F /* BagItemView.swift in Sources */ = {isa = PBXBuildFile; fileRef = 9414BD062B59420B0063F72F /* BagItemView.swift */; };
		9414BD092B5943A80063F72F /* BagView.swift in Sources */ = {isa = PBXBuildFile; fileRef = 9414BD082B5943A80063F72F /* BagView.swift */; };
		9414BD0B2B5962D60063F72F /* ProductListItem.swift in Sources */ = {isa = PBXBuildFile; fileRef = 9414BD0A2B5962D60063F72F /* ProductListItem.swift */; };
		9414BD0F2B5963250063F72F /* ProductListView.swift in Sources */ = {isa = PBXBuildFile; fileRef = 9414BD0E2B5963250063F72F /* ProductListView.swift */; };
		9414BD112B59633D0063F72F /* StoreView.swift in Sources */ = {isa = PBXBuildFile; fileRef = 9414BD102B59633D0063F72F /* StoreView.swift */; };
		9414BD142B5975B90063F72F /* SDWebImageSwiftUI in Frameworks */ = {isa = PBXBuildFile; productRef = 9414BD132B5975B90063F72F /* SDWebImageSwiftUI */; };
		946A94BA2B61C1620024E440 /* OrdersView.swift in Sources */ = {isa = PBXBuildFile; fileRef = 946A94B92B61C1620024E440 /* OrdersView.swift */; };
		946A94BC2B629EFB0024E440 /* OrderItemView.swift in Sources */ = {isa = PBXBuildFile; fileRef = 946A94BB2B629EFA0024E440 /* OrderItemView.swift */; };
		948164C02B40AFEF00250EEB /* ProductView.swift in Sources */ = {isa = PBXBuildFile; fileRef = 948164BF2B40AFEF00250EEB /* ProductView.swift */; };
/* End PBXBuildFile section */

/* Begin PBXFileReference section */
		940E16F12B40309300D30ACD /* Online Store.app */ = {isa = PBXFileReference; explicitFileType = wrapper.application; includeInIndex = 0; path = "Online Store.app"; sourceTree = BUILT_PRODUCTS_DIR; };
		940E16F42B40309300D30ACD /* Online_StoreApp.swift */ = {isa = PBXFileReference; lastKnownFileType = sourcecode.swift; path = Online_StoreApp.swift; sourceTree = "<group>"; };
		940E16F62B40309300D30ACD /* ContentView.swift */ = {isa = PBXFileReference; lastKnownFileType = sourcecode.swift; path = ContentView.swift; sourceTree = "<group>"; };
		940E16F82B40309500D30ACD /* Assets.xcassets */ = {isa = PBXFileReference; lastKnownFileType = folder.assetcatalog; path = Assets.xcassets; sourceTree = "<group>"; };
		940E16FB2B40309500D30ACD /* Preview Assets.xcassets */ = {isa = PBXFileReference; lastKnownFileType = folder.assetcatalog; path = "Preview Assets.xcassets"; sourceTree = "<group>"; };
		940E16FD2B40309500D30ACD /* Persistence.swift */ = {isa = PBXFileReference; lastKnownFileType = sourcecode.swift; path = Persistence.swift; sourceTree = "<group>"; };
		940E17002B40309500D30ACD /* Online_Store.xcdatamodel */ = {isa = PBXFileReference; lastKnownFileType = wrapper.xcdatamodel; path = Online_Store.xcdatamodel; sourceTree = "<group>"; };
		9414BD022B593F880063F72F /* Bag.swift */ = {isa = PBXFileReference; lastKnownFileType = sourcecode.swift; path = Bag.swift; sourceTree = "<group>"; };
		9414BD042B5941330063F72F /* DataManager.swift */ = {isa = PBXFileReference; lastKnownFileType = sourcecode.swift; path = DataManager.swift; sourceTree = "<group>"; };
		9414BD062B59420B0063F72F /* BagItemView.swift */ = {isa = PBXFileReference; lastKnownFileType = sourcecode.swift; path = BagItemView.swift; sourceTree = "<group>"; };
		9414BD082B5943A80063F72F /* BagView.swift */ = {isa = PBXFileReference; lastKnownFileType = sourcecode.swift; path = BagView.swift; sourceTree = "<group>"; };
		9414BD0A2B5962D60063F72F /* ProductListItem.swift */ = {isa = PBXFileReference; lastKnownFileType = sourcecode.swift; path = ProductListItem.swift; sourceTree = "<group>"; };
		9414BD0E2B5963250063F72F /* ProductListView.swift */ = {isa = PBXFileReference; lastKnownFileType = sourcecode.swift; path = ProductListView.swift; sourceTree = "<group>"; };
		9414BD102B59633D0063F72F /* StoreView.swift */ = {isa = PBXFileReference; lastKnownFileType = sourcecode.swift; path = StoreView.swift; sourceTree = "<group>"; };
		946A94B92B61C1620024E440 /* OrdersView.swift */ = {isa = PBXFileReference; lastKnownFileType = sourcecode.swift; path = OrdersView.swift; sourceTree = "<group>"; };
		946A94BB2B629EFA0024E440 /* OrderItemView.swift */ = {isa = PBXFileReference; lastKnownFileType = sourcecode.swift; path = OrderItemView.swift; sourceTree = "<group>"; };
		948164BF2B40AFEF00250EEB /* ProductView.swift */ = {isa = PBXFileReference; lastKnownFileType = sourcecode.swift; path = ProductView.swift; sourceTree = "<group>"; };
/* End PBXFileReference section */

/* Begin PBXFrameworksBuildPhase section */
		940E16EE2B40309300D30ACD /* Frameworks */ = {
			isa = PBXFrameworksBuildPhase;
			buildActionMask = 2147483647;
			files = (
				9414BD142B5975B90063F72F /* SDWebImageSwiftUI in Frameworks */,
			);
			runOnlyForDeploymentPostprocessing = 0;
		};
/* End PBXFrameworksBuildPhase section */

/* Begin PBXGroup section */
		940E16E82B40309300D30ACD = {
			isa = PBXGroup;
			children = (
				940E16F32B40309300D30ACD /* Online Store */,
				940E16F22B40309300D30ACD /* Products */,
			);
			sourceTree = "<group>";
		};
		940E16F22B40309300D30ACD /* Products */ = {
			isa = PBXGroup;
			children = (
				940E16F12B40309300D30ACD /* Online Store.app */,
			);
			name = Products;
			sourceTree = "<group>";
		};
		940E16F32B40309300D30ACD /* Online Store */ = {
			isa = PBXGroup;
			children = (
				940E16F42B40309300D30ACD /* Online_StoreApp.swift */,
				9414BD002B593F6B0063F72F /* Model */,
				9414BD012B593F710063F72F /* ViewModel */,
				940E16F82B40309500D30ACD /* Assets.xcassets */,
				940E16FF2B40309500D30ACD /* Online_Store.xcdatamodeld */,
				940E16FA2B40309500D30ACD /* Preview Content */,
			);
			path = "Online Store";
			sourceTree = "<group>";
		};
		940E16FA2B40309500D30ACD /* Preview Content */ = {
			isa = PBXGroup;
			children = (
				940E16FB2B40309500D30ACD /* Preview Assets.xcassets */,
			);
			path = "Preview Content";
			sourceTree = "<group>";
		};
		9414BD002B593F6B0063F72F /* Model */ = {
			isa = PBXGroup;
			children = (
				9414BD022B593F880063F72F /* Bag.swift */,
				9414BD042B5941330063F72F /* DataManager.swift */,
				940E16FD2B40309500D30ACD /* Persistence.swift */,
			);
			path = Model;
			sourceTree = "<group>";
		};
		9414BD012B593F710063F72F /* ViewModel */ = {
			isa = PBXGroup;
			children = (
				9414BD062B59420B0063F72F /* BagItemView.swift */,
				9414BD082B5943A80063F72F /* BagView.swift */,
				940E16F62B40309300D30ACD /* ContentView.swift */,
				946A94BB2B629EFA0024E440 /* OrderItemView.swift */,
				946A94B92B61C1620024E440 /* OrdersView.swift */,
				9414BD0A2B5962D60063F72F /* ProductListItem.swift */,
				9414BD0E2B5963250063F72F /* ProductListView.swift */,
				948164BF2B40AFEF00250EEB /* ProductView.swift */,
				9414BD102B59633D0063F72F /* StoreView.swift */,
			);
			path = ViewModel;
			sourceTree = "<group>";
		};
/* End PBXGroup section */

/* Begin PBXNativeTarget section */
		940E16F02B40309300D30ACD /* Online Store */ = {
			isa = PBXNativeTarget;
			buildConfigurationList = 940E17042B40309500D30ACD /* Build configuration list for PBXNativeTarget "Online Store" */;
			buildPhases = (
				940E16ED2B40309300D30ACD /* Sources */,
				940E16EE2B40309300D30ACD /* Frameworks */,
				940E16EF2B40309300D30ACD /* Resources */,
			);
			buildRules = (
			);
			dependencies = (
			);
			name = "Online Store";
			packageProductDependencies = (
				9414BD132B5975B90063F72F /* SDWebImageSwiftUI */,
			);
			productName = "Online Store";
			productReference = 940E16F12B40309300D30ACD /* Online Store.app */;
			productType = "com.apple.product-type.application";
		};
/* End PBXNativeTarget section */

/* Begin PBXProject section */
		940E16E92B40309300D30ACD /* Project object */ = {
			isa = PBXProject;
			attributes = {
				BuildIndependentTargetsInParallel = 1;
				LastSwiftUpdateCheck = 1510;
				LastUpgradeCheck = 1510;
				TargetAttributes = {
					940E16F02B40309300D30ACD = {
						CreatedOnToolsVersion = 15.1;
					};
				};
			};
			buildConfigurationList = 940E16EC2B40309300D30ACD /* Build configuration list for PBXProject "Online Store" */;
			compatibilityVersion = "Xcode 14.0";
			developmentRegion = en;
			hasScannedForEncodings = 0;
			knownRegions = (
				en,
				Base,
			);
			mainGroup = 940E16E82B40309300D30ACD;
			packageReferences = (
				9414BD122B5975B90063F72F /* XCRemoteSwiftPackageReference "SDWebImageSwiftUI" */,
			);
			productRefGroup = 940E16F22B40309300D30ACD /* Products */;
			projectDirPath = "";
			projectRoot = "";
			targets = (
				940E16F02B40309300D30ACD /* Online Store */,
			);
		};
/* End PBXProject section */

/* Begin PBXResourcesBuildPhase section */
		940E16EF2B40309300D30ACD /* Resources */ = {
			isa = PBXResourcesBuildPhase;
			buildActionMask = 2147483647;
			files = (
				940E16FC2B40309500D30ACD /* Preview Assets.xcassets in Resources */,
				940E16F92B40309500D30ACD /* Assets.xcassets in Resources */,
			);
			runOnlyForDeploymentPostprocessing = 0;
		};
/* End PBXResourcesBuildPhase section */

/* Begin PBXSourcesBuildPhase section */
		940E16ED2B40309300D30ACD /* Sources */ = {
			isa = PBXSourcesBuildPhase;
			buildActionMask = 2147483647;
			files = (
				9414BD0F2B5963250063F72F /* ProductListView.swift in Sources */,
				9414BD0B2B5962D60063F72F /* ProductListItem.swift in Sources */,
				9414BD072B59420B0063F72F /* BagItemView.swift in Sources */,
				948164C02B40AFEF00250EEB /* ProductView.swift in Sources */,
				940E16FE2B40309500D30ACD /* Persistence.swift in Sources */,
				940E16F72B40309300D30ACD /* ContentView.swift in Sources */,
				9414BD052B5941330063F72F /* DataManager.swift in Sources */,
				940E17012B40309500D30ACD /* Online_Store.xcdatamodeld in Sources */,
				946A94BA2B61C1620024E440 /* OrdersView.swift in Sources */,
				9414BD032B593F880063F72F /* Bag.swift in Sources */,
				940E16F52B40309300D30ACD /* Online_StoreApp.swift in Sources */,
				9414BD112B59633D0063F72F /* StoreView.swift in Sources */,
				946A94BC2B629EFB0024E440 /* OrderItemView.swift in Sources */,
				9414BD092B5943A80063F72F /* BagView.swift in Sources */,
			);
			runOnlyForDeploymentPostprocessing = 0;
		};
/* End PBXSourcesBuildPhase section */

/* Begin XCBuildConfiguration section */
		940E17022B40309500D30ACD /* Debug */ = {
			isa = XCBuildConfiguration;
			buildSettings = {
				ALWAYS_SEARCH_USER_PATHS = NO;
				ASSETCATALOG_COMPILER_GENERATE_SWIFT_ASSET_SYMBOL_EXTENSIONS = YES;
				CLANG_ANALYZER_NONNULL = YES;
				CLANG_ANALYZER_NUMBER_OBJECT_CONVERSION = YES_AGGRESSIVE;
				CLANG_CXX_LANGUAGE_STANDARD = "gnu++20";
				CLANG_ENABLE_MODULES = YES;
				CLANG_ENABLE_OBJC_ARC = YES;
				CLANG_ENABLE_OBJC_WEAK = YES;
				CLANG_WARN_BLOCK_CAPTURE_AUTORELEASING = YES;
				CLANG_WARN_BOOL_CONVERSION = YES;
				CLANG_WARN_COMMA = YES;
				CLANG_WARN_CONSTANT_CONVERSION = YES;
				CLANG_WARN_DEPRECATED_OBJC_IMPLEMENTATIONS = YES;
				CLANG_WARN_DIRECT_OBJC_ISA_USAGE = YES_ERROR;
				CLANG_WARN_DOCUMENTATION_COMMENTS = YES;
				CLANG_WARN_EMPTY_BODY = YES;
				CLANG_WARN_ENUM_CONVERSION = YES;
				CLANG_WARN_INFINITE_RECURSION = YES;
				CLANG_WARN_INT_CONVERSION = YES;
				CLANG_WARN_NON_LITERAL_NULL_CONVERSION = YES;
				CLANG_WARN_OBJC_IMPLICIT_RETAIN_SELF = YES;
				CLANG_WARN_OBJC_LITERAL_CONVERSION = YES;
				CLANG_WARN_OBJC_ROOT_CLASS = YES_ERROR;
				CLANG_WARN_QUOTED_INCLUDE_IN_FRAMEWORK_HEADER = YES;
				CLANG_WARN_RANGE_LOOP_ANALYSIS = YES;
				CLANG_WARN_STRICT_PROTOTYPES = YES;
				CLANG_WARN_SUSPICIOUS_MOVE = YES;
				CLANG_WARN_UNGUARDED_AVAILABILITY = YES_AGGRESSIVE;
				CLANG_WARN_UNREACHABLE_CODE = YES;
				CLANG_WARN__DUPLICATE_METHOD_MATCH = YES;
				COPY_PHASE_STRIP = NO;
				DEBUG_INFORMATION_FORMAT = dwarf;
				ENABLE_STRICT_OBJC_MSGSEND = YES;
				ENABLE_TESTABILITY = YES;
				ENABLE_USER_SCRIPT_SANDBOXING = YES;
				GCC_C_LANGUAGE_STANDARD = gnu17;
				GCC_DYNAMIC_NO_PIC = NO;
				GCC_NO_COMMON_BLOCKS = YES;
				GCC_OPTIMIZATION_LEVEL = 0;
				GCC_PREPROCESSOR_DEFINITIONS = (
					"DEBUG=1",
					"$(inherited)",
				);
				GCC_WARN_64_TO_32_BIT_CONVERSION = YES;
				GCC_WARN_ABOUT_RETURN_TYPE = YES_ERROR;
				GCC_WARN_UNDECLARED_SELECTOR = YES;
				GCC_WARN_UNINITIALIZED_AUTOS = YES_AGGRESSIVE;
				GCC_WARN_UNUSED_FUNCTION = YES;
				GCC_WARN_UNUSED_VARIABLE = YES;
				IPHONEOS_DEPLOYMENT_TARGET = 17.2;
				LOCALIZATION_PREFERS_STRING_CATALOGS = YES;
				MTL_ENABLE_DEBUG_INFO = INCLUDE_SOURCE;
				MTL_FAST_MATH = YES;
				ONLY_ACTIVE_ARCH = YES;
				SDKROOT = iphoneos;
				SWIFT_ACTIVE_COMPILATION_CONDITIONS = "DEBUG $(inherited)";
				SWIFT_OPTIMIZATION_LEVEL = "-Onone";
			};
			name = Debug;
		};
		940E17032B40309500D30ACD /* Release */ = {
			isa = XCBuildConfiguration;
			buildSettings = {
				ALWAYS_SEARCH_USER_PATHS = NO;
				ASSETCATALOG_COMPILER_GENERATE_SWIFT_ASSET_SYMBOL_EXTENSIONS = YES;
				CLANG_ANALYZER_NONNULL = YES;
				CLANG_ANALYZER_NUMBER_OBJECT_CONVERSION = YES_AGGRESSIVE;
				CLANG_CXX_LANGUAGE_STANDARD = "gnu++20";
				CLANG_ENABLE_MODULES = YES;
				CLANG_ENABLE_OBJC_ARC = YES;
				CLANG_ENABLE_OBJC_WEAK = YES;
				CLANG_WARN_BLOCK_CAPTURE_AUTORELEASING = YES;
				CLANG_WARN_BOOL_CONVERSION = YES;
				CLANG_WARN_COMMA = YES;
				CLANG_WARN_CONSTANT_CONVERSION = YES;
				CLANG_WARN_DEPRECATED_OBJC_IMPLEMENTATIONS = YES;
				CLANG_WARN_DIRECT_OBJC_ISA_USAGE = YES_ERROR;
				CLANG_WARN_DOCUMENTATION_COMMENTS = YES;
				CLANG_WARN_EMPTY_BODY = YES;
				CLANG_WARN_ENUM_CONVERSION = YES;
				CLANG_WARN_INFINITE_RECURSION = YES;
				CLANG_WARN_INT_CONVERSION = YES;
				CLANG_WARN_NON_LITERAL_NULL_CONVERSION = YES;
				CLANG_WARN_OBJC_IMPLICIT_RETAIN_SELF = YES;
				CLANG_WARN_OBJC_LITERAL_CONVERSION = YES;
				CLANG_WARN_OBJC_ROOT_CLASS = YES_ERROR;
				CLANG_WARN_QUOTED_INCLUDE_IN_FRAMEWORK_HEADER = YES;
				CLANG_WARN_RANGE_LOOP_ANALYSIS = YES;
				CLANG_WARN_STRICT_PROTOTYPES = YES;
				CLANG_WARN_SUSPICIOUS_MOVE = YES;
				CLANG_WARN_UNGUARDED_AVAILABILITY = YES_AGGRESSIVE;
				CLANG_WARN_UNREACHABLE_CODE = YES;
				CLANG_WARN__DUPLICATE_METHOD_MATCH = YES;
				COPY_PHASE_STRIP = NO;
				DEBUG_INFORMATION_FORMAT = "dwarf-with-dsym";
				ENABLE_NS_ASSERTIONS = NO;
				ENABLE_STRICT_OBJC_MSGSEND = YES;
				ENABLE_USER_SCRIPT_SANDBOXING = YES;
				GCC_C_LANGUAGE_STANDARD = gnu17;
				GCC_NO_COMMON_BLOCKS = YES;
				GCC_WARN_64_TO_32_BIT_CONVERSION = YES;
				GCC_WARN_ABOUT_RETURN_TYPE = YES_ERROR;
				GCC_WARN_UNDECLARED_SELECTOR = YES;
				GCC_WARN_UNINITIALIZED_AUTOS = YES_AGGRESSIVE;
				GCC_WARN_UNUSED_FUNCTION = YES;
				GCC_WARN_UNUSED_VARIABLE = YES;
				IPHONEOS_DEPLOYMENT_TARGET = 17.2;
				LOCALIZATION_PREFERS_STRING_CATALOGS = YES;
				MTL_ENABLE_DEBUG_INFO = NO;
				MTL_FAST_MATH = YES;
				SDKROOT = iphoneos;
				SWIFT_COMPILATION_MODE = wholemodule;
				VALIDATE_PRODUCT = YES;
			};
			name = Release;
		};
		940E17052B40309500D30ACD /* Debug */ = {
			isa = XCBuildConfiguration;
			buildSettings = {
				ASSETCATALOG_COMPILER_APPICON_NAME = AppIcon;
				ASSETCATALOG_COMPILER_GLOBAL_ACCENT_COLOR_NAME = AccentColor;
				CODE_SIGN_STYLE = Automatic;
				CURRENT_PROJECT_VERSION = 1;
				DEVELOPMENT_ASSET_PATHS = "\"Online Store/Preview Content\"";
				DEVELOPMENT_TEAM = HGWDZHP4UJ;
				ENABLE_PREVIEWS = YES;
				GENERATE_INFOPLIST_FILE = YES;
				INFOPLIST_KEY_UIApplicationSceneManifest_Generation = YES;
				INFOPLIST_KEY_UIApplicationSupportsIndirectInputEvents = YES;
				INFOPLIST_KEY_UILaunchScreen_Generation = YES;
				INFOPLIST_KEY_UISupportedInterfaceOrientations_iPad = "UIInterfaceOrientationPortrait UIInterfaceOrientationPortraitUpsideDown UIInterfaceOrientationLandscapeLeft UIInterfaceOrientationLandscapeRight";
				INFOPLIST_KEY_UISupportedInterfaceOrientations_iPhone = "UIInterfaceOrientationPortrait UIInterfaceOrientationLandscapeLeft UIInterfaceOrientationLandscapeRight";
				LD_RUNPATH_SEARCH_PATHS = (
					"$(inherited)",
					"@executable_path/Frameworks",
				);
				MARKETING_VERSION = 1.0;
				PRODUCT_BUNDLE_IDENTIFIER = "com.michalzuch.Online-Store";
				PRODUCT_NAME = "$(TARGET_NAME)";
				SWIFT_EMIT_LOC_STRINGS = YES;
				SWIFT_VERSION = 5.0;
				TARGETED_DEVICE_FAMILY = "1,2";
			};
			name = Debug;
		};
		940E17062B40309500D30ACD /* Release */ = {
			isa = XCBuildConfiguration;
			buildSettings = {
				ASSETCATALOG_COMPILER_APPICON_NAME = AppIcon;
				ASSETCATALOG_COMPILER_GLOBAL_ACCENT_COLOR_NAME = AccentColor;
				CODE_SIGN_STYLE = Automatic;
				CURRENT_PROJECT_VERSION = 1;
				DEVELOPMENT_ASSET_PATHS = "\"Online Store/Preview Content\"";
				DEVELOPMENT_TEAM = HGWDZHP4UJ;
				ENABLE_PREVIEWS = YES;
				GENERATE_INFOPLIST_FILE = YES;
				INFOPLIST_KEY_UIApplicationSceneManifest_Generation = YES;
				INFOPLIST_KEY_UIApplicationSupportsIndirectInputEvents = YES;
				INFOPLIST_KEY_UILaunchScreen_Generation = YES;
				INFOPLIST_KEY_UISupportedInterfaceOrientations_iPad = "UIInterfaceOrientationPortrait UIInterfaceOrientationPortraitUpsideDown UIInterfaceOrientationLandscapeLeft UIInterfaceOrientationLandscapeRight";
				INFOPLIST_KEY_UISupportedInterfaceOrientations_iPhone = "UIInterfaceOrientationPortrait UIInterfaceOrientationLandscapeLeft UIInterfaceOrientationLandscapeRight";
				LD_RUNPATH_SEARCH_PATHS = (
					"$(inherited)",
					"@executable_path/Frameworks",
				);
				MARKETING_VERSION = 1.0;
				PRODUCT_BUNDLE_IDENTIFIER = "com.michalzuch.Online-Store";
				PRODUCT_NAME = "$(TARGET_NAME)";
				SWIFT_EMIT_LOC_STRINGS = YES;
				SWIFT_VERSION = 5.0;
				TARGETED_DEVICE_FAMILY = "1,2";
			};
			name = Release;
		};
/* End XCBuildConfiguration section */

/* Begin XCConfigurationList section */
		940E16EC2B40309300D30ACD /* Build configuration list for PBXProject "Online Store" */ = {
			isa = XCConfigurationList;
			buildConfigurations = (
				940E17022B40309500D30ACD /* Debug */,
				940E17032B40309500D30ACD /* Release */,
			);
			defaultConfigurationIsVisible = 0;
			defaultConfigurationName = Release;
		};
		940E17042B40309500D30ACD /* Build configuration list for PBXNativeTarget "Online Store" */ = {
			isa = XCConfigurationList;
			buildConfigurations = (
				940E17052B40309500D30ACD /* Debug */,
				940E17062B40309500D30ACD /* Release */,
			);
			defaultConfigurationIsVisible = 0;
			defaultConfigurationName = Release;
		};
/* End XCConfigurationList section */

/* Begin XCRemoteSwiftPackageReference section */
		9414BD122B5975B90063F72F /* XCRemoteSwiftPackageReference "SDWebImageSwiftUI" */ = {
			isa = XCRemoteSwiftPackageReference;
			repositoryURL = "https://github.com/SDWebImage/SDWebImageSwiftUI";
			requirement = {
				kind = upToNextMajorVersion;
				minimumVersion = 2.2.6;
			};
		};
/* End XCRemoteSwiftPackageReference section */

/* Begin XCSwiftPackageProductDependency section */
		9414BD132B5975B90063F72F /* SDWebImageSwiftUI */ = {
			isa = XCSwiftPackageProductDependency;
			package = 9414BD122B5975B90063F72F /* XCRemoteSwiftPackageReference "SDWebImageSwiftUI" */;
			productName = SDWebImageSwiftUI;
		};
/* End XCSwiftPackageProductDependency section */

/* Begin XCVersionGroup section */
		940E16FF2B40309500D30ACD /* Online_Store.xcdatamodeld */ = {
			isa = XCVersionGroup;
			children = (
				940E17002B40309500D30ACD /* Online_Store.xcdatamodel */,
			);
			currentVersion = 940E17002B40309500D30ACD /* Online_Store.xcdatamodel */;
			path = Online_Store.xcdatamodeld;
			sourceTree = "<group>";
			versionGroupType = wrapper.xcdatamodel;
		};
/* End XCVersionGroup section */
	};
	rootObject = 940E16E92B40309300D30ACD /* Project object */;
}
