// !$*UTF8*$!
{
	archiveVersion = 1;
	classes = {
	};
	objectVersion = 56;
	objects = {

/* Begin PBXBuildFile section */
		9441539C2B67C153006C9408 /* PaymentsApp.swift in Sources */ = {isa = PBXBuildFile; fileRef = 9441539B2B67C153006C9408 /* PaymentsApp.swift */; };
		9441539E2B67C153006C9408 /* ContentView.swift in Sources */ = {isa = PBXBuildFile; fileRef = 9441539D2B67C153006C9408 /* ContentView.swift */; };
		944153A02B67C155006C9408 /* Assets.xcassets in Resources */ = {isa = PBXBuildFile; fileRef = 9441539F2B67C155006C9408 /* Assets.xcassets */; };
		944153A32B67C155006C9408 /* Preview Assets.xcassets in Resources */ = {isa = PBXBuildFile; fileRef = 944153A22B67C155006C9408 /* Preview Assets.xcassets */; };
		944153A52B67C155006C9408 /* Persistence.swift in Sources */ = {isa = PBXBuildFile; fileRef = 944153A42B67C155006C9408 /* Persistence.swift */; };
		944153A82B67C155006C9408 /* Payments.xcdatamodeld in Sources */ = {isa = PBXBuildFile; fileRef = 944153A62B67C155006C9408 /* Payments.xcdatamodeld */; };
		944153B12B67D1D4006C9408 /* Bag.swift in Sources */ = {isa = PBXBuildFile; fileRef = 944153B02B67D1D4006C9408 /* Bag.swift */; };
		944153B32B67D1EA006C9408 /* DataManager.swift in Sources */ = {isa = PBXBuildFile; fileRef = 944153B22B67D1EA006C9408 /* DataManager.swift */; };
		944153B72B67D4E7006C9408 /* BagItemView.swift in Sources */ = {isa = PBXBuildFile; fileRef = 944153B62B67D4E7006C9408 /* BagItemView.swift */; };
		944153BA2B67D510006C9408 /* SDWebImageSwiftUI in Frameworks */ = {isa = PBXBuildFile; productRef = 944153B92B67D510006C9408 /* SDWebImageSwiftUI */; };
		944153BC2B67D522006C9408 /* BagView.swift in Sources */ = {isa = PBXBuildFile; fileRef = 944153BB2B67D522006C9408 /* BagView.swift */; };
		944153BE2B67D549006C9408 /* OrderItemView.swift in Sources */ = {isa = PBXBuildFile; fileRef = 944153BD2B67D549006C9408 /* OrderItemView.swift */; };
		944153C02B67D55E006C9408 /* OrdersView.swift in Sources */ = {isa = PBXBuildFile; fileRef = 944153BF2B67D55E006C9408 /* OrdersView.swift */; };
		944153C22B67D574006C9408 /* ProductListItem.swift in Sources */ = {isa = PBXBuildFile; fileRef = 944153C12B67D574006C9408 /* ProductListItem.swift */; };
		944153C42B67D585006C9408 /* ProductListView.swift in Sources */ = {isa = PBXBuildFile; fileRef = 944153C32B67D585006C9408 /* ProductListView.swift */; };
		944153C62B67D595006C9408 /* ProductView.swift in Sources */ = {isa = PBXBuildFile; fileRef = 944153C52B67D595006C9408 /* ProductView.swift */; };
		944153C82B67D5A5006C9408 /* StoreView.swift in Sources */ = {isa = PBXBuildFile; fileRef = 944153C72B67D5A5006C9408 /* StoreView.swift */; };
		944153CA2B68579C006C9408 /* PaymentFormView.swift in Sources */ = {isa = PBXBuildFile; fileRef = 944153C92B68579C006C9408 /* PaymentFormView.swift */; };
		944153CC2B68ECFE006C9408 /* PaymentConfirmationView.swift in Sources */ = {isa = PBXBuildFile; fileRef = 944153CB2B68ECFE006C9408 /* PaymentConfirmationView.swift */; };
		949134292B839CF200FCDD8B /* StripeManager.swift in Sources */ = {isa = PBXBuildFile; fileRef = 949134282B839CF200FCDD8B /* StripeManager.swift */; };
		9491342C2B83AB7D00FCDD8B /* StripePaymentSheet in Frameworks */ = {isa = PBXBuildFile; productRef = 9491342B2B83AB7D00FCDD8B /* StripePaymentSheet */; };
		9491342E2B83AB9D00FCDD8B /* StripePayments in Frameworks */ = {isa = PBXBuildFile; productRef = 9491342D2B83AB9D00FCDD8B /* StripePayments */; };
		949134302B83AB9D00FCDD8B /* StripePaymentsUI in Frameworks */ = {isa = PBXBuildFile; productRef = 9491342F2B83AB9D00FCDD8B /* StripePaymentsUI */; };
		94E11BCC2B82C5A200A52F56 /* Stripe in Frameworks */ = {isa = PBXBuildFile; productRef = 94E11BCB2B82C5A200A52F56 /* Stripe */; };
		94E11BCE2B82C5A200A52F56 /* StripeApplePay in Frameworks */ = {isa = PBXBuildFile; productRef = 94E11BCD2B82C5A200A52F56 /* StripeApplePay */; };
		94E11BD02B82C5A200A52F56 /* StripeCardScan in Frameworks */ = {isa = PBXBuildFile; productRef = 94E11BCF2B82C5A200A52F56 /* StripeCardScan */; };
		94E11BD22B82C5A200A52F56 /* StripeFinancialConnections in Frameworks */ = {isa = PBXBuildFile; productRef = 94E11BD12B82C5A200A52F56 /* StripeFinancialConnections */; };
		94E11BD42B82C5A200A52F56 /* StripeIdentity in Frameworks */ = {isa = PBXBuildFile; productRef = 94E11BD32B82C5A200A52F56 /* StripeIdentity */; };
/* End PBXBuildFile section */

/* Begin PBXFileReference section */
		944153982B67C153006C9408 /* Payments.app */ = {isa = PBXFileReference; explicitFileType = wrapper.application; includeInIndex = 0; path = Payments.app; sourceTree = BUILT_PRODUCTS_DIR; };
		9441539B2B67C153006C9408 /* PaymentsApp.swift */ = {isa = PBXFileReference; lastKnownFileType = sourcecode.swift; path = PaymentsApp.swift; sourceTree = "<group>"; };
		9441539D2B67C153006C9408 /* ContentView.swift */ = {isa = PBXFileReference; lastKnownFileType = sourcecode.swift; path = ContentView.swift; sourceTree = "<group>"; };
		9441539F2B67C155006C9408 /* Assets.xcassets */ = {isa = PBXFileReference; lastKnownFileType = folder.assetcatalog; path = Assets.xcassets; sourceTree = "<group>"; };
		944153A22B67C155006C9408 /* Preview Assets.xcassets */ = {isa = PBXFileReference; lastKnownFileType = folder.assetcatalog; path = "Preview Assets.xcassets"; sourceTree = "<group>"; };
		944153A42B67C155006C9408 /* Persistence.swift */ = {isa = PBXFileReference; lastKnownFileType = sourcecode.swift; path = Persistence.swift; sourceTree = "<group>"; };
		944153A72B67C155006C9408 /* Payments.xcdatamodel */ = {isa = PBXFileReference; lastKnownFileType = wrapper.xcdatamodel; path = Payments.xcdatamodel; sourceTree = "<group>"; };
		944153B02B67D1D4006C9408 /* Bag.swift */ = {isa = PBXFileReference; lastKnownFileType = sourcecode.swift; path = Bag.swift; sourceTree = "<group>"; };
		944153B22B67D1EA006C9408 /* DataManager.swift */ = {isa = PBXFileReference; lastKnownFileType = sourcecode.swift; path = DataManager.swift; sourceTree = "<group>"; };
		944153B62B67D4E7006C9408 /* BagItemView.swift */ = {isa = PBXFileReference; lastKnownFileType = sourcecode.swift; path = BagItemView.swift; sourceTree = "<group>"; };
		944153BB2B67D522006C9408 /* BagView.swift */ = {isa = PBXFileReference; lastKnownFileType = sourcecode.swift; path = BagView.swift; sourceTree = "<group>"; };
		944153BD2B67D549006C9408 /* OrderItemView.swift */ = {isa = PBXFileReference; lastKnownFileType = sourcecode.swift; path = OrderItemView.swift; sourceTree = "<group>"; };
		944153BF2B67D55E006C9408 /* OrdersView.swift */ = {isa = PBXFileReference; lastKnownFileType = sourcecode.swift; path = OrdersView.swift; sourceTree = "<group>"; };
		944153C12B67D574006C9408 /* ProductListItem.swift */ = {isa = PBXFileReference; lastKnownFileType = sourcecode.swift; path = ProductListItem.swift; sourceTree = "<group>"; };
		944153C32B67D585006C9408 /* ProductListView.swift */ = {isa = PBXFileReference; lastKnownFileType = sourcecode.swift; path = ProductListView.swift; sourceTree = "<group>"; };
		944153C52B67D595006C9408 /* ProductView.swift */ = {isa = PBXFileReference; lastKnownFileType = sourcecode.swift; path = ProductView.swift; sourceTree = "<group>"; };
		944153C72B67D5A5006C9408 /* StoreView.swift */ = {isa = PBXFileReference; lastKnownFileType = sourcecode.swift; path = StoreView.swift; sourceTree = "<group>"; };
		944153C92B68579C006C9408 /* PaymentFormView.swift */ = {isa = PBXFileReference; lastKnownFileType = sourcecode.swift; path = PaymentFormView.swift; sourceTree = "<group>"; };
		944153CB2B68ECFE006C9408 /* PaymentConfirmationView.swift */ = {isa = PBXFileReference; lastKnownFileType = sourcecode.swift; path = PaymentConfirmationView.swift; sourceTree = "<group>"; };
		949134282B839CF200FCDD8B /* StripeManager.swift */ = {isa = PBXFileReference; lastKnownFileType = sourcecode.swift; path = StripeManager.swift; sourceTree = "<group>"; };
/* End PBXFileReference section */

/* Begin PBXFrameworksBuildPhase section */
		944153952B67C153006C9408 /* Frameworks */ = {
			isa = PBXFrameworksBuildPhase;
			buildActionMask = 2147483647;
			files = (
				94E11BD22B82C5A200A52F56 /* StripeFinancialConnections in Frameworks */,
				94E11BD02B82C5A200A52F56 /* StripeCardScan in Frameworks */,
				94E11BCE2B82C5A200A52F56 /* StripeApplePay in Frameworks */,
				94E11BD42B82C5A200A52F56 /* StripeIdentity in Frameworks */,
				9491342C2B83AB7D00FCDD8B /* StripePaymentSheet in Frameworks */,
				944153BA2B67D510006C9408 /* SDWebImageSwiftUI in Frameworks */,
				949134302B83AB9D00FCDD8B /* StripePaymentsUI in Frameworks */,
				9491342E2B83AB9D00FCDD8B /* StripePayments in Frameworks */,
				94E11BCC2B82C5A200A52F56 /* Stripe in Frameworks */,
			);
			runOnlyForDeploymentPostprocessing = 0;
		};
/* End PBXFrameworksBuildPhase section */

/* Begin PBXGroup section */
		9441538F2B67C153006C9408 = {
			isa = PBXGroup;
			children = (
				9441539A2B67C153006C9408 /* Payments */,
				944153992B67C153006C9408 /* Products */,
				9491342A2B83AB7D00FCDD8B /* Frameworks */,
			);
			sourceTree = "<group>";
		};
		944153992B67C153006C9408 /* Products */ = {
			isa = PBXGroup;
			children = (
				944153982B67C153006C9408 /* Payments.app */,
			);
			name = Products;
			sourceTree = "<group>";
		};
		9441539A2B67C153006C9408 /* Payments */ = {
			isa = PBXGroup;
			children = (
				9441539B2B67C153006C9408 /* PaymentsApp.swift */,
				944153AE2B67D0E0006C9408 /* Model */,
				944153AF2B67D0EA006C9408 /* ViewModel */,
				9441539F2B67C155006C9408 /* Assets.xcassets */,
				944153A62B67C155006C9408 /* Payments.xcdatamodeld */,
				944153A12B67C155006C9408 /* Preview Content */,
			);
			path = Payments;
			sourceTree = "<group>";
		};
		944153A12B67C155006C9408 /* Preview Content */ = {
			isa = PBXGroup;
			children = (
				944153A22B67C155006C9408 /* Preview Assets.xcassets */,
			);
			path = "Preview Content";
			sourceTree = "<group>";
		};
		944153AE2B67D0E0006C9408 /* Model */ = {
			isa = PBXGroup;
			children = (
				944153B02B67D1D4006C9408 /* Bag.swift */,
				944153B22B67D1EA006C9408 /* DataManager.swift */,
				944153A42B67C155006C9408 /* Persistence.swift */,
				949134282B839CF200FCDD8B /* StripeManager.swift */,
			);
			path = Model;
			sourceTree = "<group>";
		};
		944153AF2B67D0EA006C9408 /* ViewModel */ = {
			isa = PBXGroup;
			children = (
				944153B62B67D4E7006C9408 /* BagItemView.swift */,
				944153BB2B67D522006C9408 /* BagView.swift */,
				9441539D2B67C153006C9408 /* ContentView.swift */,
				944153BD2B67D549006C9408 /* OrderItemView.swift */,
				944153BF2B67D55E006C9408 /* OrdersView.swift */,
				944153CB2B68ECFE006C9408 /* PaymentConfirmationView.swift */,
				944153C92B68579C006C9408 /* PaymentFormView.swift */,
				944153C12B67D574006C9408 /* ProductListItem.swift */,
				944153C32B67D585006C9408 /* ProductListView.swift */,
				944153C52B67D595006C9408 /* ProductView.swift */,
				944153C72B67D5A5006C9408 /* StoreView.swift */,
			);
			path = ViewModel;
			sourceTree = "<group>";
		};
		9491342A2B83AB7D00FCDD8B /* Frameworks */ = {
			isa = PBXGroup;
			children = (
			);
			name = Frameworks;
			sourceTree = "<group>";
		};
/* End PBXGroup section */

/* Begin PBXNativeTarget section */
		944153972B67C153006C9408 /* Payments */ = {
			isa = PBXNativeTarget;
			buildConfigurationList = 944153AB2B67C155006C9408 /* Build configuration list for PBXNativeTarget "Payments" */;
			buildPhases = (
				944153942B67C153006C9408 /* Sources */,
				944153952B67C153006C9408 /* Frameworks */,
				944153962B67C153006C9408 /* Resources */,
			);
			buildRules = (
			);
			dependencies = (
			);
			name = Payments;
			packageProductDependencies = (
				944153B92B67D510006C9408 /* SDWebImageSwiftUI */,
				94E11BCB2B82C5A200A52F56 /* Stripe */,
				94E11BCD2B82C5A200A52F56 /* StripeApplePay */,
				94E11BCF2B82C5A200A52F56 /* StripeCardScan */,
				94E11BD12B82C5A200A52F56 /* StripeFinancialConnections */,
				94E11BD32B82C5A200A52F56 /* StripeIdentity */,
				9491342B2B83AB7D00FCDD8B /* StripePaymentSheet */,
				9491342D2B83AB9D00FCDD8B /* StripePayments */,
				9491342F2B83AB9D00FCDD8B /* StripePaymentsUI */,
			);
			productName = Payments;
			productReference = 944153982B67C153006C9408 /* Payments.app */;
			productType = "com.apple.product-type.application";
		};
/* End PBXNativeTarget section */

/* Begin PBXProject section */
		944153902B67C153006C9408 /* Project object */ = {
			isa = PBXProject;
			attributes = {
				BuildIndependentTargetsInParallel = 1;
				LastSwiftUpdateCheck = 1520;
				LastUpgradeCheck = 1520;
				TargetAttributes = {
					944153972B67C153006C9408 = {
						CreatedOnToolsVersion = 15.2;
					};
				};
			};
			buildConfigurationList = 944153932B67C153006C9408 /* Build configuration list for PBXProject "Payments" */;
			compatibilityVersion = "Xcode 14.0";
			developmentRegion = en;
			hasScannedForEncodings = 0;
			knownRegions = (
				en,
				Base,
			);
			mainGroup = 9441538F2B67C153006C9408;
			packageReferences = (
				944153B82B67D510006C9408 /* XCRemoteSwiftPackageReference "SDWebImageSwiftUI" */,
				94E11BCA2B82C5A200A52F56 /* XCRemoteSwiftPackageReference "stripe-ios-spm" */,
			);
			productRefGroup = 944153992B67C153006C9408 /* Products */;
			projectDirPath = "";
			projectRoot = "";
			targets = (
				944153972B67C153006C9408 /* Payments */,
			);
		};
/* End PBXProject section */

/* Begin PBXResourcesBuildPhase section */
		944153962B67C153006C9408 /* Resources */ = {
			isa = PBXResourcesBuildPhase;
			buildActionMask = 2147483647;
			files = (
				944153A32B67C155006C9408 /* Preview Assets.xcassets in Resources */,
				944153A02B67C155006C9408 /* Assets.xcassets in Resources */,
			);
			runOnlyForDeploymentPostprocessing = 0;
		};
/* End PBXResourcesBuildPhase section */

/* Begin PBXSourcesBuildPhase section */
		944153942B67C153006C9408 /* Sources */ = {
			isa = PBXSourcesBuildPhase;
			buildActionMask = 2147483647;
			files = (
				944153C02B67D55E006C9408 /* OrdersView.swift in Sources */,
				944153CC2B68ECFE006C9408 /* PaymentConfirmationView.swift in Sources */,
				944153B72B67D4E7006C9408 /* BagItemView.swift in Sources */,
				944153B12B67D1D4006C9408 /* Bag.swift in Sources */,
				944153CA2B68579C006C9408 /* PaymentFormView.swift in Sources */,
				944153BE2B67D549006C9408 /* OrderItemView.swift in Sources */,
				944153C62B67D595006C9408 /* ProductView.swift in Sources */,
				944153B32B67D1EA006C9408 /* DataManager.swift in Sources */,
				944153A52B67C155006C9408 /* Persistence.swift in Sources */,
				9441539E2B67C153006C9408 /* ContentView.swift in Sources */,
				944153C22B67D574006C9408 /* ProductListItem.swift in Sources */,
				944153C42B67D585006C9408 /* ProductListView.swift in Sources */,
				944153A82B67C155006C9408 /* Payments.xcdatamodeld in Sources */,
				949134292B839CF200FCDD8B /* StripeManager.swift in Sources */,
				9441539C2B67C153006C9408 /* PaymentsApp.swift in Sources */,
				944153C82B67D5A5006C9408 /* StoreView.swift in Sources */,
				944153BC2B67D522006C9408 /* BagView.swift in Sources */,
			);
			runOnlyForDeploymentPostprocessing = 0;
		};
/* End PBXSourcesBuildPhase section */

/* Begin XCBuildConfiguration section */
		944153A92B67C155006C9408 /* Debug */ = {
			isa = XCBuildConfiguration;
			buildSettings = {
				ALWAYS_SEARCH_USER_PATHS = NO;
				ASSETCATALOG_COMPILER_GENERATE_SWIFT_ASSET_SYMBOL_EXTENSIONS = YES;
				CLANG_ANALYZER_NONNULL = YES;
				CLANG_ANALYZER_NUMBER_OBJECT_CONVERSION = YES_AGGRESSIVE;
				CLANG_CXX_LANGUAGE_STANDARD = "gnu++20";
				CLANG_ENABLE_MODULES = YES;
				CLANG_ENABLE_OBJC_ARC = YES;
				CLANG_ENABLE_OBJC_WEAK = YES;
				CLANG_WARN_BLOCK_CAPTURE_AUTORELEASING = YES;
				CLANG_WARN_BOOL_CONVERSION = YES;
				CLANG_WARN_COMMA = YES;
				CLANG_WARN_CONSTANT_CONVERSION = YES;
				CLANG_WARN_DEPRECATED_OBJC_IMPLEMENTATIONS = YES;
				CLANG_WARN_DIRECT_OBJC_ISA_USAGE = YES_ERROR;
				CLANG_WARN_DOCUMENTATION_COMMENTS = YES;
				CLANG_WARN_EMPTY_BODY = YES;
				CLANG_WARN_ENUM_CONVERSION = YES;
				CLANG_WARN_INFINITE_RECURSION = YES;
				CLANG_WARN_INT_CONVERSION = YES;
				CLANG_WARN_NON_LITERAL_NULL_CONVERSION = YES;
				CLANG_WARN_OBJC_IMPLICIT_RETAIN_SELF = YES;
				CLANG_WARN_OBJC_LITERAL_CONVERSION = YES;
				CLANG_WARN_OBJC_ROOT_CLASS = YES_ERROR;
				CLANG_WARN_QUOTED_INCLUDE_IN_FRAMEWORK_HEADER = YES;
				CLANG_WARN_RANGE_LOOP_ANALYSIS = YES;
				CLANG_WARN_STRICT_PROTOTYPES = YES;
				CLANG_WARN_SUSPICIOUS_MOVE = YES;
				CLANG_WARN_UNGUARDED_AVAILABILITY = YES_AGGRESSIVE;
				CLANG_WARN_UNREACHABLE_CODE = YES;
				CLANG_WARN__DUPLICATE_METHOD_MATCH = YES;
				COPY_PHASE_STRIP = NO;
				DEBUG_INFORMATION_FORMAT = dwarf;
				ENABLE_STRICT_OBJC_MSGSEND = YES;
				ENABLE_TESTABILITY = YES;
				ENABLE_USER_SCRIPT_SANDBOXING = YES;
				GCC_C_LANGUAGE_STANDARD = gnu17;
				GCC_DYNAMIC_NO_PIC = NO;
				GCC_NO_COMMON_BLOCKS = YES;
				GCC_OPTIMIZATION_LEVEL = 0;
				GCC_PREPROCESSOR_DEFINITIONS = (
					"DEBUG=1",
					"$(inherited)",
				);
				GCC_WARN_64_TO_32_BIT_CONVERSION = YES;
				GCC_WARN_ABOUT_RETURN_TYPE = YES_ERROR;
				GCC_WARN_UNDECLARED_SELECTOR = YES;
				GCC_WARN_UNINITIALIZED_AUTOS = YES_AGGRESSIVE;
				GCC_WARN_UNUSED_FUNCTION = YES;
				GCC_WARN_UNUSED_VARIABLE = YES;
				IPHONEOS_DEPLOYMENT_TARGET = 17.2;
				LOCALIZATION_PREFERS_STRING_CATALOGS = YES;
				MTL_ENABLE_DEBUG_INFO = INCLUDE_SOURCE;
				MTL_FAST_MATH = YES;
				ONLY_ACTIVE_ARCH = YES;
				SDKROOT = iphoneos;
				SWIFT_ACTIVE_COMPILATION_CONDITIONS = "DEBUG $(inherited)";
				SWIFT_OPTIMIZATION_LEVEL = "-Onone";
			};
			name = Debug;
		};
		944153AA2B67C155006C9408 /* Release */ = {
			isa = XCBuildConfiguration;
			buildSettings = {
				ALWAYS_SEARCH_USER_PATHS = NO;
				ASSETCATALOG_COMPILER_GENERATE_SWIFT_ASSET_SYMBOL_EXTENSIONS = YES;
				CLANG_ANALYZER_NONNULL = YES;
				CLANG_ANALYZER_NUMBER_OBJECT_CONVERSION = YES_AGGRESSIVE;
				CLANG_CXX_LANGUAGE_STANDARD = "gnu++20";
				CLANG_ENABLE_MODULES = YES;
				CLANG_ENABLE_OBJC_ARC = YES;
				CLANG_ENABLE_OBJC_WEAK = YES;
				CLANG_WARN_BLOCK_CAPTURE_AUTORELEASING = YES;
				CLANG_WARN_BOOL_CONVERSION = YES;
				CLANG_WARN_COMMA = YES;
				CLANG_WARN_CONSTANT_CONVERSION = YES;
				CLANG_WARN_DEPRECATED_OBJC_IMPLEMENTATIONS = YES;
				CLANG_WARN_DIRECT_OBJC_ISA_USAGE = YES_ERROR;
				CLANG_WARN_DOCUMENTATION_COMMENTS = YES;
				CLANG_WARN_EMPTY_BODY = YES;
				CLANG_WARN_ENUM_CONVERSION = YES;
				CLANG_WARN_INFINITE_RECURSION = YES;
				CLANG_WARN_INT_CONVERSION = YES;
				CLANG_WARN_NON_LITERAL_NULL_CONVERSION = YES;
				CLANG_WARN_OBJC_IMPLICIT_RETAIN_SELF = YES;
				CLANG_WARN_OBJC_LITERAL_CONVERSION = YES;
				CLANG_WARN_OBJC_ROOT_CLASS = YES_ERROR;
				CLANG_WARN_QUOTED_INCLUDE_IN_FRAMEWORK_HEADER = YES;
				CLANG_WARN_RANGE_LOOP_ANALYSIS = YES;
				CLANG_WARN_STRICT_PROTOTYPES = YES;
				CLANG_WARN_SUSPICIOUS_MOVE = YES;
				CLANG_WARN_UNGUARDED_AVAILABILITY = YES_AGGRESSIVE;
				CLANG_WARN_UNREACHABLE_CODE = YES;
				CLANG_WARN__DUPLICATE_METHOD_MATCH = YES;
				COPY_PHASE_STRIP = NO;
				DEBUG_INFORMATION_FORMAT = "dwarf-with-dsym";
				ENABLE_NS_ASSERTIONS = NO;
				ENABLE_STRICT_OBJC_MSGSEND = YES;
				ENABLE_USER_SCRIPT_SANDBOXING = YES;
				GCC_C_LANGUAGE_STANDARD = gnu17;
				GCC_NO_COMMON_BLOCKS = YES;
				GCC_WARN_64_TO_32_BIT_CONVERSION = YES;
				GCC_WARN_ABOUT_RETURN_TYPE = YES_ERROR;
				GCC_WARN_UNDECLARED_SELECTOR = YES;
				GCC_WARN_UNINITIALIZED_AUTOS = YES_AGGRESSIVE;
				GCC_WARN_UNUSED_FUNCTION = YES;
				GCC_WARN_UNUSED_VARIABLE = YES;
				IPHONEOS_DEPLOYMENT_TARGET = 17.2;
				LOCALIZATION_PREFERS_STRING_CATALOGS = YES;
				MTL_ENABLE_DEBUG_INFO = NO;
				MTL_FAST_MATH = YES;
				SDKROOT = iphoneos;
				SWIFT_COMPILATION_MODE = wholemodule;
				VALIDATE_PRODUCT = YES;
			};
			name = Release;
		};
		944153AC2B67C155006C9408 /* Debug */ = {
			isa = XCBuildConfiguration;
			buildSettings = {
				ASSETCATALOG_COMPILER_APPICON_NAME = AppIcon;
				ASSETCATALOG_COMPILER_GLOBAL_ACCENT_COLOR_NAME = AccentColor;
				CODE_SIGN_STYLE = Automatic;
				CURRENT_PROJECT_VERSION = 1;
				DEVELOPMENT_ASSET_PATHS = "\"Payments/Preview Content\"";
				DEVELOPMENT_TEAM = HGWDZHP4UJ;
				ENABLE_PREVIEWS = YES;
				GENERATE_INFOPLIST_FILE = YES;
				INFOPLIST_KEY_NSCameraUsageDescription = "To scan cards";
				INFOPLIST_KEY_UIApplicationSceneManifest_Generation = YES;
				INFOPLIST_KEY_UIApplicationSupportsIndirectInputEvents = YES;
				INFOPLIST_KEY_UILaunchScreen_Generation = YES;
				INFOPLIST_KEY_UISupportedInterfaceOrientations_iPad = "UIInterfaceOrientationPortrait UIInterfaceOrientationPortraitUpsideDown UIInterfaceOrientationLandscapeLeft UIInterfaceOrientationLandscapeRight";
				INFOPLIST_KEY_UISupportedInterfaceOrientations_iPhone = "UIInterfaceOrientationPortrait UIInterfaceOrientationLandscapeLeft UIInterfaceOrientationLandscapeRight";
				LD_RUNPATH_SEARCH_PATHS = (
					"$(inherited)",
					"@executable_path/Frameworks",
				);
				MARKETING_VERSION = 1.0;
				PRODUCT_BUNDLE_IDENTIFIER = com.michalzuch.Payments;
				PRODUCT_NAME = "$(TARGET_NAME)";
				SWIFT_EMIT_LOC_STRINGS = YES;
				SWIFT_VERSION = 5.0;
				TARGETED_DEVICE_FAMILY = "1,2";
			};
			name = Debug;
		};
		944153AD2B67C155006C9408 /* Release */ = {
			isa = XCBuildConfiguration;
			buildSettings = {
				ASSETCATALOG_COMPILER_APPICON_NAME = AppIcon;
				ASSETCATALOG_COMPILER_GLOBAL_ACCENT_COLOR_NAME = AccentColor;
				CODE_SIGN_STYLE = Automatic;
				CURRENT_PROJECT_VERSION = 1;
				DEVELOPMENT_ASSET_PATHS = "\"Payments/Preview Content\"";
				DEVELOPMENT_TEAM = HGWDZHP4UJ;
				ENABLE_PREVIEWS = YES;
				GENERATE_INFOPLIST_FILE = YES;
				INFOPLIST_KEY_NSCameraUsageDescription = "To scan cards";
				INFOPLIST_KEY_UIApplicationSceneManifest_Generation = YES;
				INFOPLIST_KEY_UIApplicationSupportsIndirectInputEvents = YES;
				INFOPLIST_KEY_UILaunchScreen_Generation = YES;
				INFOPLIST_KEY_UISupportedInterfaceOrientations_iPad = "UIInterfaceOrientationPortrait UIInterfaceOrientationPortraitUpsideDown UIInterfaceOrientationLandscapeLeft UIInterfaceOrientationLandscapeRight";
				INFOPLIST_KEY_UISupportedInterfaceOrientations_iPhone = "UIInterfaceOrientationPortrait UIInterfaceOrientationLandscapeLeft UIInterfaceOrientationLandscapeRight";
				LD_RUNPATH_SEARCH_PATHS = (
					"$(inherited)",
					"@executable_path/Frameworks",
				);
				MARKETING_VERSION = 1.0;
				PRODUCT_BUNDLE_IDENTIFIER = com.michalzuch.Payments;
				PRODUCT_NAME = "$(TARGET_NAME)";
				SWIFT_EMIT_LOC_STRINGS = YES;
				SWIFT_VERSION = 5.0;
				TARGETED_DEVICE_FAMILY = "1,2";
			};
			name = Release;
		};
/* End XCBuildConfiguration section */

/* Begin XCConfigurationList section */
		944153932B67C153006C9408 /* Build configuration list for PBXProject "Payments" */ = {
			isa = XCConfigurationList;
			buildConfigurations = (
				944153A92B67C155006C9408 /* Debug */,
				944153AA2B67C155006C9408 /* Release */,
			);
			defaultConfigurationIsVisible = 0;
			defaultConfigurationName = Release;
		};
		944153AB2B67C155006C9408 /* Build configuration list for PBXNativeTarget "Payments" */ = {
			isa = XCConfigurationList;
			buildConfigurations = (
				944153AC2B67C155006C9408 /* Debug */,
				944153AD2B67C155006C9408 /* Release */,
			);
			defaultConfigurationIsVisible = 0;
			defaultConfigurationName = Release;
		};
/* End XCConfigurationList section */

/* Begin XCRemoteSwiftPackageReference section */
		944153B82B67D510006C9408 /* XCRemoteSwiftPackageReference "SDWebImageSwiftUI" */ = {
			isa = XCRemoteSwiftPackageReference;
			repositoryURL = "https://github.com/SDWebImage/SDWebImageSwiftUI";
			requirement = {
				kind = upToNextMajorVersion;
				minimumVersion = 2.2.6;
			};
		};
		94E11BCA2B82C5A200A52F56 /* XCRemoteSwiftPackageReference "stripe-ios-spm" */ = {
			isa = XCRemoteSwiftPackageReference;
			repositoryURL = "https://github.com/stripe/stripe-ios-spm";
			requirement = {
				kind = upToNextMajorVersion;
				minimumVersion = 23.22.0;
			};
		};
/* End XCRemoteSwiftPackageReference section */

/* Begin XCSwiftPackageProductDependency section */
		944153B92B67D510006C9408 /* SDWebImageSwiftUI */ = {
			isa = XCSwiftPackageProductDependency;
			package = 944153B82B67D510006C9408 /* XCRemoteSwiftPackageReference "SDWebImageSwiftUI" */;
			productName = SDWebImageSwiftUI;
		};
		9491342B2B83AB7D00FCDD8B /* StripePaymentSheet */ = {
			isa = XCSwiftPackageProductDependency;
			package = 94E11BCA2B82C5A200A52F56 /* XCRemoteSwiftPackageReference "stripe-ios-spm" */;
			productName = StripePaymentSheet;
		};
		9491342D2B83AB9D00FCDD8B /* StripePayments */ = {
			isa = XCSwiftPackageProductDependency;
			package = 94E11BCA2B82C5A200A52F56 /* XCRemoteSwiftPackageReference "stripe-ios-spm" */;
			productName = StripePayments;
		};
		9491342F2B83AB9D00FCDD8B /* StripePaymentsUI */ = {
			isa = XCSwiftPackageProductDependency;
			package = 94E11BCA2B82C5A200A52F56 /* XCRemoteSwiftPackageReference "stripe-ios-spm" */;
			productName = StripePaymentsUI;
		};
		94E11BCB2B82C5A200A52F56 /* Stripe */ = {
			isa = XCSwiftPackageProductDependency;
			package = 94E11BCA2B82C5A200A52F56 /* XCRemoteSwiftPackageReference "stripe-ios-spm" */;
			productName = Stripe;
		};
		94E11BCD2B82C5A200A52F56 /* StripeApplePay */ = {
			isa = XCSwiftPackageProductDependency;
			package = 94E11BCA2B82C5A200A52F56 /* XCRemoteSwiftPackageReference "stripe-ios-spm" */;
			productName = StripeApplePay;
		};
		94E11BCF2B82C5A200A52F56 /* StripeCardScan */ = {
			isa = XCSwiftPackageProductDependency;
			package = 94E11BCA2B82C5A200A52F56 /* XCRemoteSwiftPackageReference "stripe-ios-spm" */;
			productName = StripeCardScan;
		};
		94E11BD12B82C5A200A52F56 /* StripeFinancialConnections */ = {
			isa = XCSwiftPackageProductDependency;
			package = 94E11BCA2B82C5A200A52F56 /* XCRemoteSwiftPackageReference "stripe-ios-spm" */;
			productName = StripeFinancialConnections;
		};
		94E11BD32B82C5A200A52F56 /* StripeIdentity */ = {
			isa = XCSwiftPackageProductDependency;
			package = 94E11BCA2B82C5A200A52F56 /* XCRemoteSwiftPackageReference "stripe-ios-spm" */;
			productName = StripeIdentity;
		};
/* End XCSwiftPackageProductDependency section */

/* Begin XCVersionGroup section */
		944153A62B67C155006C9408 /* Payments.xcdatamodeld */ = {
			isa = XCVersionGroup;
			children = (
				944153A72B67C155006C9408 /* Payments.xcdatamodel */,
			);
			currentVersion = 944153A72B67C155006C9408 /* Payments.xcdatamodel */;
			path = Payments.xcdatamodeld;
			sourceTree = "<group>";
			versionGroupType = wrapper.xcdatamodel;
		};
/* End XCVersionGroup section */
	};
	rootObject = 944153902B67C153006C9408 /* Project object */;
}
